// !$*UTF8*$!
{
	archiveVersion = 1;
	classes = {
	};
	objectVersion = 46;
	objects = {

/* Begin PBXBuildFile section */
		0EBF31E11FC32D9300A2F389 /* Kalimba.mp3 in Resources */ = {isa = PBXBuildFile; fileRef = 0EBF31DC1FC32D9300A2F389 /* Kalimba.mp3 */; };
		6F868B601AD2CA8B00A9922E /* CuePointHistoryViewController.m in Sources */ = {isa = PBXBuildFile; fileRef = 6F868B5F1AD2CA8B00A9922E /* CuePointHistoryViewController.m */; };
		6F868B681AD2DAFD00A9922E /* ListTableViewController.m in Sources */ = {isa = PBXBuildFile; fileRef = 6F868B671AD2DAFD00A9922E /* ListTableViewController.m */; };
		6F868B6C1AD2DE0700A9922E /* ArrayDataSource.m in Sources */ = {isa = PBXBuildFile; fileRef = 6F868B6B1AD2DE0700A9922E /* ArrayDataSource.m */; };
		6F8A709118CE51C80061CFF5 /* Foundation.framework in Frameworks */ = {isa = PBXBuildFile; fileRef = 6F8A709018CE51C80061CFF5 /* Foundation.framework */; };
		6F8A709318CE51C80061CFF5 /* CoreGraphics.framework in Frameworks */ = {isa = PBXBuildFile; fileRef = 6F8A709218CE51C80061CFF5 /* CoreGraphics.framework */; };
		6F8A709518CE51C80061CFF5 /* UIKit.framework in Frameworks */ = {isa = PBXBuildFile; fileRef = 6F8A709418CE51C80061CFF5 /* UIKit.framework */; };
		6F8A709B18CE51C80061CFF5 /* InfoPlist.strings in Resources */ = {isa = PBXBuildFile; fileRef = 6F8A709918CE51C80061CFF5 /* InfoPlist.strings */; };
		6F8A709D18CE51C80061CFF5 /* main.m in Sources */ = {isa = PBXBuildFile; fileRef = 6F8A709C18CE51C80061CFF5 /* main.m */; };
		6F8A70A118CE51C80061CFF5 /* AppDelegate.m in Sources */ = {isa = PBXBuildFile; fileRef = 6F8A70A018CE51C80061CFF5 /* AppDelegate.m */; };
		6F8A70A418CE51C80061CFF5 /* Main.storyboard in Resources */ = {isa = PBXBuildFile; fileRef = 6F8A70A218CE51C80061CFF5 /* Main.storyboard */; };
		6F8A70A718CE51C80061CFF5 /* BasicPlayerViewController.m in Sources */ = {isa = PBXBuildFile; fileRef = 6F8A70A618CE51C80061CFF5 /* BasicPlayerViewController.m */; };
		6F8A70A918CE51C80061CFF5 /* Images.xcassets in Resources */ = {isa = PBXBuildFile; fileRef = 6F8A70A818CE51C80061CFF5 /* Images.xcassets */; };
		6FCD42A31A967E01004450F9 /* CustomAdsViewController.m in Sources */ = {isa = PBXBuildFile; fileRef = 6FCD42A21A967E01004450F9 /* CustomAdsViewController.m */; };
		6FD659B21A71C0B80012D570 /* MainMenuViewController.m in Sources */ = {isa = PBXBuildFile; fileRef = 6FD659B11A71C0B80012D570 /* MainMenuViewController.m */; };
		6FD65E9A1AC1BEA900EA6490 /* OnDemandPlayerViewController.m in Sources */ = {isa = PBXBuildFile; fileRef = 6FD65E991AC1BEA900EA6490 /* OnDemandPlayerViewController.m */; };
		6FD65EA21AC1C26F00EA6490 /* SBMPlayerViewController.m in Sources */ = {isa = PBXBuildFile; fileRef = 6FD65EA11AC1C26F00EA6490 /* SBMPlayerViewController.m */; };
		6FD814911A6EBDC100F41ADD /* InterstitialViewController.m in Sources */ = {isa = PBXBuildFile; fileRef = 6FD814901A6EBDC100F41ADD /* InterstitialViewController.m */; };
		6FD853101A167B0F004EA208 /* libTritonPlayerSDK.a in Frameworks */ = {isa = PBXBuildFile; fileRef = 6FFD8FDA1A08245E003345AC /* libTritonPlayerSDK.a */; };
		6FD853121A168769004EA208 /* AVFoundation.framework in Frameworks */ = {isa = PBXBuildFile; fileRef = 6FD853111A168769004EA208 /* AVFoundation.framework */; };
		6FD853141A16877B004EA208 /* CoreMedia.framework in Frameworks */ = {isa = PBXBuildFile; fileRef = 6FD853131A16877B004EA208 /* CoreMedia.framework */; };
		6FD853161A168794004EA208 /* SystemConfiguration.framework in Frameworks */ = {isa = PBXBuildFile; fileRef = 6FD853151A168794004EA208 /* SystemConfiguration.framework */; };
		6FD853181A1687A4004EA208 /* AdSupport.framework in Frameworks */ = {isa = PBXBuildFile; fileRef = 6FD853171A1687A4004EA208 /* AdSupport.framework */; };
		6FE1B9261AC9C28C0003E76A /* EmbeddedPlayerViewController.m in Sources */ = {isa = PBXBuildFile; fileRef = 6FE1B9251AC9C28C0003E76A /* EmbeddedPlayerViewController.m */; };
		6FF87F451AAA294700249509 /* Settings.bundle in Resources */ = {isa = PBXBuildFile; fileRef = 6FF87F441AAA294700249509 /* Settings.bundle */; };
		B48D99AB1E9FE94200D55C94 /* MultiStationViewController.m in Sources */ = {isa = PBXBuildFile; fileRef = B48D99AA1E9FE94200D55C94 /* MultiStationViewController.m */; };
/* End PBXBuildFile section */

/* Begin PBXContainerItemProxy section */
		6FD8530E1A167B06004EA208 /* PBXContainerItemProxy */ = {
			isa = PBXContainerItemProxy;
			containerPortal = 6FFD8FCD1A08245E003345AC /* TritonPlayerSDK.xcodeproj */;
			proxyType = 1;
			remoteGlobalIDString = 6FFD8F3C1A081807003345AC;
			remoteInfo = TritonPlayerSDKStatic;
		};
		6FFD8FD51A08245E003345AC /* PBXContainerItemProxy */ = {
			isa = PBXContainerItemProxy;
			containerPortal = 6FFD8FCD1A08245E003345AC /* TritonPlayerSDK.xcodeproj */;
			proxyType = 2;
			remoteGlobalIDString = 6FFD8E291A07E24E003345AC;
			remoteInfo = TritonPlayerSDK;
		};
		6FFD8FD71A08245E003345AC /* PBXContainerItemProxy */ = {
			isa = PBXContainerItemProxy;
			containerPortal = 6FFD8FCD1A08245E003345AC /* TritonPlayerSDK.xcodeproj */;
			proxyType = 2;
			remoteGlobalIDString = 6FFD8E341A07E24E003345AC;
			remoteInfo = TritonPlayerSDKTests;
		};
		6FFD8FD91A08245E003345AC /* PBXContainerItemProxy */ = {
			isa = PBXContainerItemProxy;
			containerPortal = 6FFD8FCD1A08245E003345AC /* TritonPlayerSDK.xcodeproj */;
			proxyType = 2;
			remoteGlobalIDString = 6FFD8F3D1A081807003345AC;
			remoteInfo = TritonPlayerSDKStatic;
		};
/* End PBXContainerItemProxy section */

/* Begin PBXCopyFilesBuildPhase section */
		6F7FF50B1A0928140057E4C1 /* Embed Frameworks */ = {
			isa = PBXCopyFilesBuildPhase;
			buildActionMask = 2147483647;
			dstPath = "";
			dstSubfolderSpec = 10;
			files = (
			);
			name = "Embed Frameworks";
			runOnlyForDeploymentPostprocessing = 0;
		};
/* End PBXCopyFilesBuildPhase section */

/* Begin PBXFileReference section */
		0EBF31DC1FC32D9300A2F389 /* Kalimba.mp3 */ = {isa = PBXFileReference; lastKnownFileType = audio.mp3; path = Kalimba.mp3; sourceTree = "<group>"; };
		6F868B5E1AD2CA8B00A9922E /* CuePointHistoryViewController.h */ = {isa = PBXFileReference; fileEncoding = 4; lastKnownFileType = sourcecode.c.h; path = CuePointHistoryViewController.h; sourceTree = "<group>"; };
		6F868B5F1AD2CA8B00A9922E /* CuePointHistoryViewController.m */ = {isa = PBXFileReference; fileEncoding = 4; lastKnownFileType = sourcecode.c.objc; path = CuePointHistoryViewController.m; sourceTree = "<group>"; };
		6F868B661AD2DAFD00A9922E /* ListTableViewController.h */ = {isa = PBXFileReference; fileEncoding = 4; lastKnownFileType = sourcecode.c.h; path = ListTableViewController.h; sourceTree = "<group>"; };
		6F868B671AD2DAFD00A9922E /* ListTableViewController.m */ = {isa = PBXFileReference; fileEncoding = 4; lastKnownFileType = sourcecode.c.objc; path = ListTableViewController.m; sourceTree = "<group>"; };
		6F868B6A1AD2DE0700A9922E /* ArrayDataSource.h */ = {isa = PBXFileReference; fileEncoding = 4; lastKnownFileType = sourcecode.c.h; path = ArrayDataSource.h; sourceTree = "<group>"; };
		6F868B6B1AD2DE0700A9922E /* ArrayDataSource.m */ = {isa = PBXFileReference; fileEncoding = 4; lastKnownFileType = sourcecode.c.objc; path = ArrayDataSource.m; sourceTree = "<group>"; };
		6F8A708D18CE51C80061CFF5 /* tritonplayer-sample-app.app */ = {isa = PBXFileReference; explicitFileType = wrapper.application; includeInIndex = 0; path = "tritonplayer-sample-app.app"; sourceTree = BUILT_PRODUCTS_DIR; };
		6F8A709018CE51C80061CFF5 /* Foundation.framework */ = {isa = PBXFileReference; lastKnownFileType = wrapper.framework; name = Foundation.framework; path = System/Library/Frameworks/Foundation.framework; sourceTree = SDKROOT; };
		6F8A709218CE51C80061CFF5 /* CoreGraphics.framework */ = {isa = PBXFileReference; lastKnownFileType = wrapper.framework; name = CoreGraphics.framework; path = System/Library/Frameworks/CoreGraphics.framework; sourceTree = SDKROOT; };
		6F8A709418CE51C80061CFF5 /* UIKit.framework */ = {isa = PBXFileReference; lastKnownFileType = wrapper.framework; name = UIKit.framework; path = System/Library/Frameworks/UIKit.framework; sourceTree = SDKROOT; };
		6F8A709818CE51C80061CFF5 /* tritonplayer-sample-app-Info.plist */ = {isa = PBXFileReference; lastKnownFileType = text.plist.xml; path = "tritonplayer-sample-app-Info.plist"; sourceTree = "<group>"; };
		6F8A709A18CE51C80061CFF5 /* en */ = {isa = PBXFileReference; lastKnownFileType = text.plist.strings; name = en; path = en.lproj/InfoPlist.strings; sourceTree = "<group>"; };
		6F8A709C18CE51C80061CFF5 /* main.m */ = {isa = PBXFileReference; lastKnownFileType = sourcecode.c.objc; path = main.m; sourceTree = "<group>"; };
		6F8A709E18CE51C80061CFF5 /* tritonplayer-sample-app-Prefix.pch */ = {isa = PBXFileReference; lastKnownFileType = sourcecode.c.h; path = "tritonplayer-sample-app-Prefix.pch"; sourceTree = "<group>"; };
		6F8A709F18CE51C80061CFF5 /* AppDelegate.h */ = {isa = PBXFileReference; lastKnownFileType = sourcecode.c.h; path = AppDelegate.h; sourceTree = "<group>"; };
		6F8A70A018CE51C80061CFF5 /* AppDelegate.m */ = {isa = PBXFileReference; lastKnownFileType = sourcecode.c.objc; path = AppDelegate.m; sourceTree = "<group>"; };
		6F8A70A318CE51C80061CFF5 /* Base */ = {isa = PBXFileReference; lastKnownFileType = file.storyboard; name = Base; path = Base.lproj/Main.storyboard; sourceTree = "<group>"; };
		6F8A70A518CE51C80061CFF5 /* BasicPlayerViewController.h */ = {isa = PBXFileReference; lastKnownFileType = sourcecode.c.h; path = BasicPlayerViewController.h; sourceTree = "<group>"; };
		6F8A70A618CE51C80061CFF5 /* BasicPlayerViewController.m */ = {isa = PBXFileReference; lastKnownFileType = sourcecode.c.objc; path = BasicPlayerViewController.m; sourceTree = "<group>"; };
		6F8A70A818CE51C80061CFF5 /* Images.xcassets */ = {isa = PBXFileReference; lastKnownFileType = folder.assetcatalog; path = Images.xcassets; sourceTree = "<group>"; };
		6F8A70AF18CE51C80061CFF5 /* XCTest.framework */ = {isa = PBXFileReference; lastKnownFileType = wrapper.framework; name = XCTest.framework; path = Library/Frameworks/XCTest.framework; sourceTree = DEVELOPER_DIR; };
		6FCD42A11A967E01004450F9 /* CustomAdsViewController.h */ = {isa = PBXFileReference; fileEncoding = 4; lastKnownFileType = sourcecode.c.h; path = CustomAdsViewController.h; sourceTree = "<group>"; };
		6FCD42A21A967E01004450F9 /* CustomAdsViewController.m */ = {isa = PBXFileReference; fileEncoding = 4; lastKnownFileType = sourcecode.c.objc; path = CustomAdsViewController.m; sourceTree = "<group>"; };
		6FD659B01A71C0B80012D570 /* MainMenuViewController.h */ = {isa = PBXFileReference; fileEncoding = 4; lastKnownFileType = sourcecode.c.h; path = MainMenuViewController.h; sourceTree = "<group>"; };
		6FD659B11A71C0B80012D570 /* MainMenuViewController.m */ = {isa = PBXFileReference; fileEncoding = 4; lastKnownFileType = sourcecode.c.objc; path = MainMenuViewController.m; sourceTree = "<group>"; };
		6FD65E981AC1BEA900EA6490 /* OnDemandPlayerViewController.h */ = {isa = PBXFileReference; fileEncoding = 4; lastKnownFileType = sourcecode.c.h; path = OnDemandPlayerViewController.h; sourceTree = "<group>"; };
		6FD65E991AC1BEA900EA6490 /* OnDemandPlayerViewController.m */ = {isa = PBXFileReference; fileEncoding = 4; lastKnownFileType = sourcecode.c.objc; path = OnDemandPlayerViewController.m; sourceTree = "<group>"; };
		6FD65EA01AC1C26F00EA6490 /* SBMPlayerViewController.h */ = {isa = PBXFileReference; fileEncoding = 4; lastKnownFileType = sourcecode.c.h; path = SBMPlayerViewController.h; sourceTree = "<group>"; };
		6FD65EA11AC1C26F00EA6490 /* SBMPlayerViewController.m */ = {isa = PBXFileReference; fileEncoding = 4; lastKnownFileType = sourcecode.c.objc; path = SBMPlayerViewController.m; sourceTree = "<group>"; };
		6FD8148F1A6EBDC100F41ADD /* InterstitialViewController.h */ = {isa = PBXFileReference; fileEncoding = 4; lastKnownFileType = sourcecode.c.h; path = InterstitialViewController.h; sourceTree = "<group>"; };
		6FD814901A6EBDC100F41ADD /* InterstitialViewController.m */ = {isa = PBXFileReference; fileEncoding = 4; lastKnownFileType = sourcecode.c.objc; path = InterstitialViewController.m; sourceTree = "<group>"; };
		6FD853111A168769004EA208 /* AVFoundation.framework */ = {isa = PBXFileReference; lastKnownFileType = wrapper.framework; name = AVFoundation.framework; path = System/Library/Frameworks/AVFoundation.framework; sourceTree = SDKROOT; };
		6FD853131A16877B004EA208 /* CoreMedia.framework */ = {isa = PBXFileReference; lastKnownFileType = wrapper.framework; name = CoreMedia.framework; path = System/Library/Frameworks/CoreMedia.framework; sourceTree = SDKROOT; };
		6FD853151A168794004EA208 /* SystemConfiguration.framework */ = {isa = PBXFileReference; lastKnownFileType = wrapper.framework; name = SystemConfiguration.framework; path = System/Library/Frameworks/SystemConfiguration.framework; sourceTree = SDKROOT; };
		6FD853171A1687A4004EA208 /* AdSupport.framework */ = {isa = PBXFileReference; lastKnownFileType = wrapper.framework; name = AdSupport.framework; path = System/Library/Frameworks/AdSupport.framework; sourceTree = SDKROOT; };
		6FE1B9241AC9C28C0003E76A /* EmbeddedPlayerViewController.h */ = {isa = PBXFileReference; fileEncoding = 4; lastKnownFileType = sourcecode.c.h; path = EmbeddedPlayerViewController.h; sourceTree = "<group>"; };
		6FE1B9251AC9C28C0003E76A /* EmbeddedPlayerViewController.m */ = {isa = PBXFileReference; fileEncoding = 4; lastKnownFileType = sourcecode.c.objc; path = EmbeddedPlayerViewController.m; sourceTree = "<group>"; };
		6FF87F441AAA294700249509 /* Settings.bundle */ = {isa = PBXFileReference; lastKnownFileType = "wrapper.plug-in"; path = Settings.bundle; sourceTree = "<group>"; };
		6FFD8FCD1A08245E003345AC /* TritonPlayerSDK.xcodeproj */ = {isa = PBXFileReference; lastKnownFileType = "wrapper.pb-project"; name = TritonPlayerSDK.xcodeproj; path = ../TritonPlayerSDK.xcodeproj; sourceTree = "<group>"; };
		B48D99A51E9FE86000D55C94 /* MultiStationViewController.h */ = {isa = PBXFileReference; lastKnownFileType = sourcecode.c.h; path = MultiStationViewController.h; sourceTree = "<group>"; };
		B48D99AA1E9FE94200D55C94 /* MultiStationViewController.m */ = {isa = PBXFileReference; fileEncoding = 4; lastKnownFileType = sourcecode.c.objc; path = MultiStationViewController.m; sourceTree = "<group>"; };
/* End PBXFileReference section */

/* Begin PBXFrameworksBuildPhase section */
		6F8A708A18CE51C80061CFF5 /* Frameworks */ = {
			isa = PBXFrameworksBuildPhase;
			buildActionMask = 2147483647;
			files = (
				6FD853181A1687A4004EA208 /* AdSupport.framework in Frameworks */,
				6FD853161A168794004EA208 /* SystemConfiguration.framework in Frameworks */,
				6FD853141A16877B004EA208 /* CoreMedia.framework in Frameworks */,
				6FD853121A168769004EA208 /* AVFoundation.framework in Frameworks */,
				6FD853101A167B0F004EA208 /* libTritonPlayerSDK.a in Frameworks */,
				6F8A709318CE51C80061CFF5 /* CoreGraphics.framework in Frameworks */,
				6F8A709518CE51C80061CFF5 /* UIKit.framework in Frameworks */,
				6F8A709118CE51C80061CFF5 /* Foundation.framework in Frameworks */,
			);
			runOnlyForDeploymentPostprocessing = 0;
		};
/* End PBXFrameworksBuildPhase section */

/* Begin PBXGroup section */
		6F8A708418CE51C80061CFF5 = {
			isa = PBXGroup;
			children = (
				6F8A709618CE51C80061CFF5 /* tritonplayer-sample-app */,
				6F8A708F18CE51C80061CFF5 /* Frameworks */,
				6F8A708E18CE51C80061CFF5 /* Products */,
			);
			sourceTree = "<group>";
		};
		6F8A708E18CE51C80061CFF5 /* Products */ = {
			isa = PBXGroup;
			children = (
				6F8A708D18CE51C80061CFF5 /* tritonplayer-sample-app.app */,
			);
			name = Products;
			sourceTree = "<group>";
		};
		6F8A708F18CE51C80061CFF5 /* Frameworks */ = {
			isa = PBXGroup;
			children = (
				6FD853171A1687A4004EA208 /* AdSupport.framework */,
				6FD853151A168794004EA208 /* SystemConfiguration.framework */,
				6FD853131A16877B004EA208 /* CoreMedia.framework */,
				6FD853111A168769004EA208 /* AVFoundation.framework */,
				6FFD8FCD1A08245E003345AC /* TritonPlayerSDK.xcodeproj */,
				6F8A709018CE51C80061CFF5 /* Foundation.framework */,
				6F8A709218CE51C80061CFF5 /* CoreGraphics.framework */,
				6F8A709418CE51C80061CFF5 /* UIKit.framework */,
				6F8A70AF18CE51C80061CFF5 /* XCTest.framework */,
			);
			name = Frameworks;
			sourceTree = "<group>";
		};
		6F8A709618CE51C80061CFF5 /* tritonplayer-sample-app */ = {
			isa = PBXGroup;
			children = (
				0EBF31DC1FC32D9300A2F389 /* Kalimba.mp3 */,
				6F8A709F18CE51C80061CFF5 /* AppDelegate.h */,
				6F8A70A018CE51C80061CFF5 /* AppDelegate.m */,
				6F8A70A218CE51C80061CFF5 /* Main.storyboard */,
				6F868B6A1AD2DE0700A9922E /* ArrayDataSource.h */,
				6F868B6B1AD2DE0700A9922E /* ArrayDataSource.m */,
				6FD659B01A71C0B80012D570 /* MainMenuViewController.h */,
				6FD659B11A71C0B80012D570 /* MainMenuViewController.m */,
				6F8A70A518CE51C80061CFF5 /* BasicPlayerViewController.h */,
				6F8A70A618CE51C80061CFF5 /* BasicPlayerViewController.m */,
				6FD8148F1A6EBDC100F41ADD /* InterstitialViewController.h */,
				6FD814901A6EBDC100F41ADD /* InterstitialViewController.m */,
				6FCD42A11A967E01004450F9 /* CustomAdsViewController.h */,
				6FCD42A21A967E01004450F9 /* CustomAdsViewController.m */,
				6FD65E981AC1BEA900EA6490 /* OnDemandPlayerViewController.h */,
				6FD65E991AC1BEA900EA6490 /* OnDemandPlayerViewController.m */,
				6FD65EA01AC1C26F00EA6490 /* SBMPlayerViewController.h */,
				6FD65EA11AC1C26F00EA6490 /* SBMPlayerViewController.m */,
				6F868B5E1AD2CA8B00A9922E /* CuePointHistoryViewController.h */,
				6F868B5F1AD2CA8B00A9922E /* CuePointHistoryViewController.m */,
				6FE1B9241AC9C28C0003E76A /* EmbeddedPlayerViewController.h */,
				6FE1B9251AC9C28C0003E76A /* EmbeddedPlayerViewController.m */,
				6F868B661AD2DAFD00A9922E /* ListTableViewController.h */,
				6F868B671AD2DAFD00A9922E /* ListTableViewController.m */,
				6F8A70A818CE51C80061CFF5 /* Images.xcassets */,
				6F8A709718CE51C80061CFF5 /* Supporting Files */,
				B48D99A51E9FE86000D55C94 /* MultiStationViewController.h */,
				B48D99AA1E9FE94200D55C94 /* MultiStationViewController.m */,
			);
			path = "tritonplayer-sample-app";
			sourceTree = "<group>";
		};
		6F8A709718CE51C80061CFF5 /* Supporting Files */ = {
			isa = PBXGroup;
			children = (
				6F8A709818CE51C80061CFF5 /* tritonplayer-sample-app-Info.plist */,
				6F8A709918CE51C80061CFF5 /* InfoPlist.strings */,
				6F8A709C18CE51C80061CFF5 /* main.m */,
				6F8A709E18CE51C80061CFF5 /* tritonplayer-sample-app-Prefix.pch */,
				6FF87F441AAA294700249509 /* Settings.bundle */,
			);
			name = "Supporting Files";
			sourceTree = "<group>";
		};
		6FFD8FCE1A08245E003345AC /* Products */ = {
			isa = PBXGroup;
			children = (
				6FFD8FD61A08245E003345AC /* TritonPlayerSDK.framework */,
				6FFD8FD81A08245E003345AC /* TritonPlayerSDKTests.xctest */,
				6FFD8FDA1A08245E003345AC /* libTritonPlayerSDK.a */,
			);
			name = Products;
			sourceTree = "<group>";
		};
/* End PBXGroup section */

/* Begin PBXNativeTarget section */
		6F8A708C18CE51C80061CFF5 /* tritonplayer-sample-app */ = {
			isa = PBXNativeTarget;
			buildConfigurationList = 6F8A70BF18CE51C80061CFF5 /* Build configuration list for PBXNativeTarget "tritonplayer-sample-app" */;
			buildPhases = (
				6F8A708918CE51C80061CFF5 /* Sources */,
				6F8A708A18CE51C80061CFF5 /* Frameworks */,
				6F8A708B18CE51C80061CFF5 /* Resources */,
				6F7FF50B1A0928140057E4C1 /* Embed Frameworks */,
			);
			buildRules = (
			);
			dependencies = (
				6FD8530F1A167B06004EA208 /* PBXTargetDependency */,
			);
			name = "tritonplayer-sample-app";
			productName = "tritonplayer-sample-app";
			productReference = 6F8A708D18CE51C80061CFF5 /* tritonplayer-sample-app.app */;
			productType = "com.apple.product-type.application";
		};
/* End PBXNativeTarget section */

/* Begin PBXProject section */
		6F8A708518CE51C80061CFF5 /* Project object */ = {
			isa = PBXProject;
			attributes = {
				LastUpgradeCheck = 0810;
				ORGANIZATIONNAME = "Triton Digital";
				TargetAttributes = {
					6F8A708C18CE51C80061CFF5 = {
						DevelopmentTeam = 4ZM36VH4SJ;
						ProvisioningStyle = Automatic;
						SystemCapabilities = {
							com.apple.GameCenter = {
								enabled = 0;
							};
							com.apple.InAppPurchase = {
								enabled = 0;
							};
						};
					};
				};
			};
			buildConfigurationList = 6F8A708818CE51C80061CFF5 /* Build configuration list for PBXProject "tritonplayer-sample-app-dev" */;
			compatibilityVersion = "Xcode 3.2";
			developmentRegion = English;
			hasScannedForEncodings = 0;
			knownRegions = (
				en,
				Base,
			);
			mainGroup = 6F8A708418CE51C80061CFF5;
			productRefGroup = 6F8A708E18CE51C80061CFF5 /* Products */;
			projectDirPath = "";
			projectReferences = (
				{
					ProductGroup = 6FFD8FCE1A08245E003345AC /* Products */;
					ProjectRef = 6FFD8FCD1A08245E003345AC /* TritonPlayerSDK.xcodeproj */;
				},
			);
			projectRoot = "";
			targets = (
				6F8A708C18CE51C80061CFF5 /* tritonplayer-sample-app */,
			);
		};
/* End PBXProject section */

/* Begin PBXReferenceProxy section */
		6FFD8FD61A08245E003345AC /* TritonPlayerSDK.framework */ = {
			isa = PBXReferenceProxy;
			fileType = wrapper.framework;
			path = TritonPlayerSDK.framework;
			remoteRef = 6FFD8FD51A08245E003345AC /* PBXContainerItemProxy */;
			sourceTree = BUILT_PRODUCTS_DIR;
		};
		6FFD8FD81A08245E003345AC /* TritonPlayerSDKTests.xctest */ = {
			isa = PBXReferenceProxy;
			fileType = wrapper.cfbundle;
			path = TritonPlayerSDKTests.xctest;
			remoteRef = 6FFD8FD71A08245E003345AC /* PBXContainerItemProxy */;
			sourceTree = BUILT_PRODUCTS_DIR;
		};
		6FFD8FDA1A08245E003345AC /* libTritonPlayerSDK.a */ = {
			isa = PBXReferenceProxy;
			fileType = archive.ar;
			path = libTritonPlayerSDK.a;
			remoteRef = 6FFD8FD91A08245E003345AC /* PBXContainerItemProxy */;
			sourceTree = BUILT_PRODUCTS_DIR;
		};
/* End PBXReferenceProxy section */

/* Begin PBXResourcesBuildPhase section */
		6F8A708B18CE51C80061CFF5 /* Resources */ = {
			isa = PBXResourcesBuildPhase;
			buildActionMask = 2147483647;
			files = (
				6FF87F451AAA294700249509 /* Settings.bundle in Resources */,
				0EBF31E11FC32D9300A2F389 /* Kalimba.mp3 in Resources */,
				6F8A70A918CE51C80061CFF5 /* Images.xcassets in Resources */,
				6F8A709B18CE51C80061CFF5 /* InfoPlist.strings in Resources */,
				6F8A70A418CE51C80061CFF5 /* Main.storyboard in Resources */,
			);
			runOnlyForDeploymentPostprocessing = 0;
		};
/* End PBXResourcesBuildPhase section */

/* Begin PBXSourcesBuildPhase section */
		6F8A708918CE51C80061CFF5 /* Sources */ = {
			isa = PBXSourcesBuildPhase;
			buildActionMask = 2147483647;
			files = (
				6F8A70A718CE51C80061CFF5 /* BasicPlayerViewController.m in Sources */,
				6FE1B9261AC9C28C0003E76A /* EmbeddedPlayerViewController.m in Sources */,
				B48D99AB1E9FE94200D55C94 /* MultiStationViewController.m in Sources */,
				6F8A70A118CE51C80061CFF5 /* AppDelegate.m in Sources */,
				6F868B681AD2DAFD00A9922E /* ListTableViewController.m in Sources */,
				6FCD42A31A967E01004450F9 /* CustomAdsViewController.m in Sources */,
				6FD814911A6EBDC100F41ADD /* InterstitialViewController.m in Sources */,
				6F868B6C1AD2DE0700A9922E /* ArrayDataSource.m in Sources */,
				6FD65E9A1AC1BEA900EA6490 /* OnDemandPlayerViewController.m in Sources */,
				6FD65EA21AC1C26F00EA6490 /* SBMPlayerViewController.m in Sources */,
				6F8A709D18CE51C80061CFF5 /* main.m in Sources */,
				6F868B601AD2CA8B00A9922E /* CuePointHistoryViewController.m in Sources */,
				6FD659B21A71C0B80012D570 /* MainMenuViewController.m in Sources */,
			);
			runOnlyForDeploymentPostprocessing = 0;
		};
/* End PBXSourcesBuildPhase section */

/* Begin PBXTargetDependency section */
		6FD8530F1A167B06004EA208 /* PBXTargetDependency */ = {
			isa = PBXTargetDependency;
			name = TritonPlayerSDKStatic;
			targetProxy = 6FD8530E1A167B06004EA208 /* PBXContainerItemProxy */;
		};
/* End PBXTargetDependency section */

/* Begin PBXVariantGroup section */
		6F8A709918CE51C80061CFF5 /* InfoPlist.strings */ = {
			isa = PBXVariantGroup;
			children = (
				6F8A709A18CE51C80061CFF5 /* en */,
			);
			name = InfoPlist.strings;
			sourceTree = "<group>";
		};
		6F8A70A218CE51C80061CFF5 /* Main.storyboard */ = {
			isa = PBXVariantGroup;
			children = (
				6F8A70A318CE51C80061CFF5 /* Base */,
			);
			name = Main.storyboard;
			sourceTree = "<group>";
		};
/* End PBXVariantGroup section */

/* Begin XCBuildConfiguration section */
		6F8A70BD18CE51C80061CFF5 /* Debug */ = {
			isa = XCBuildConfiguration;
			buildSettings = {
				ALWAYS_SEARCH_USER_PATHS = NO;
				CLANG_CXX_LANGUAGE_STANDARD = "gnu++0x";
				CLANG_CXX_LIBRARY = "libc++";
				CLANG_ENABLE_MODULES = YES;
				CLANG_ENABLE_OBJC_ARC = YES;
				CLANG_WARN_BOOL_CONVERSION = YES;
				CLANG_WARN_CONSTANT_CONVERSION = YES;
				CLANG_WARN_DIRECT_OBJC_ISA_USAGE = YES_ERROR;
				CLANG_WARN_EMPTY_BODY = YES;
				CLANG_WARN_ENUM_CONVERSION = YES;
				CLANG_WARN_INFINITE_RECURSION = YES;
				CLANG_WARN_INT_CONVERSION = YES;
				CLANG_WARN_OBJC_ROOT_CLASS = YES_ERROR;
				CLANG_WARN_SUSPICIOUS_MOVE = YES;
				CLANG_WARN_UNREACHABLE_CODE = YES;
				CLANG_WARN__DUPLICATE_METHOD_MATCH = YES;
				"CODE_SIGN_IDENTITY[sdk=iphoneos*]" = "iPhone Developer: richard.hill@streamtheworld.com (72T4UR3X9P)";
				COPY_PHASE_STRIP = NO;
				ENABLE_STRICT_OBJC_MSGSEND = YES;
				ENABLE_TESTABILITY = YES;
				GCC_C_LANGUAGE_STANDARD = gnu99;
				GCC_DYNAMIC_NO_PIC = NO;
				GCC_NO_COMMON_BLOCKS = YES;
				GCC_OPTIMIZATION_LEVEL = 0;
				GCC_PREPROCESSOR_DEFINITIONS = (
					"DEBUG=1",
					"$(inherited)",
				);
				GCC_SYMBOLS_PRIVATE_EXTERN = NO;
				GCC_WARN_64_TO_32_BIT_CONVERSION = YES;
				GCC_WARN_ABOUT_RETURN_TYPE = YES_ERROR;
				GCC_WARN_UNDECLARED_SELECTOR = YES;
				GCC_WARN_UNINITIALIZED_AUTOS = YES;
				GCC_WARN_UNUSED_FUNCTION = YES;
				GCC_WARN_UNUSED_VARIABLE = YES;
				IPHONEOS_DEPLOYMENT_TARGET = 9.0;
				ONLY_ACTIVE_ARCH = YES;
				SDKROOT = iphoneos;
			};
			name = Debug;
		};
		6F8A70BE18CE51C80061CFF5 /* Release */ = {
			isa = XCBuildConfiguration;
			buildSettings = {
				ALWAYS_SEARCH_USER_PATHS = NO;
				CLANG_CXX_LANGUAGE_STANDARD = "gnu++0x";
				CLANG_CXX_LIBRARY = "libc++";
				CLANG_ENABLE_MODULES = YES;
				CLANG_ENABLE_OBJC_ARC = YES;
				CLANG_WARN_BOOL_CONVERSION = YES;
				CLANG_WARN_CONSTANT_CONVERSION = YES;
				CLANG_WARN_DIRECT_OBJC_ISA_USAGE = YES_ERROR;
				CLANG_WARN_EMPTY_BODY = YES;
				CLANG_WARN_ENUM_CONVERSION = YES;
				CLANG_WARN_INFINITE_RECURSION = YES;
				CLANG_WARN_INT_CONVERSION = YES;
				CLANG_WARN_OBJC_ROOT_CLASS = YES_ERROR;
				CLANG_WARN_SUSPICIOUS_MOVE = YES;
				CLANG_WARN_UNREACHABLE_CODE = YES;
				CLANG_WARN__DUPLICATE_METHOD_MATCH = YES;
				"CODE_SIGN_IDENTITY[sdk=iphoneos*]" = "iPhone Developer";
				COPY_PHASE_STRIP = YES;
				ENABLE_NS_ASSERTIONS = NO;
				ENABLE_STRICT_OBJC_MSGSEND = YES;
				GCC_C_LANGUAGE_STANDARD = gnu99;
				GCC_NO_COMMON_BLOCKS = YES;
				GCC_WARN_64_TO_32_BIT_CONVERSION = YES;
				GCC_WARN_ABOUT_RETURN_TYPE = YES_ERROR;
				GCC_WARN_UNDECLARED_SELECTOR = YES;
				GCC_WARN_UNINITIALIZED_AUTOS = YES;
				GCC_WARN_UNUSED_FUNCTION = YES;
				GCC_WARN_UNUSED_VARIABLE = YES;
				IPHONEOS_DEPLOYMENT_TARGET = 9.0;
				SDKROOT = iphoneos;
				VALIDATE_PRODUCT = YES;
			};
			name = Release;
		};
		6F8A70C018CE51C80061CFF5 /* Debug */ = {
			isa = XCBuildConfiguration;
			buildSettings = {
				ASSETCATALOG_COMPILER_APPICON_NAME = AppIcon;
				ASSETCATALOG_COMPILER_LAUNCHIMAGE_NAME = LaunchImage;
				CLANG_ENABLE_OBJC_ARC = YES;
				CODE_SIGN_IDENTITY = "iPhone Developer: richard hill (SMXN7ZHEV9)";
				"CODE_SIGN_IDENTITY[sdk=iphoneos*]" = "iPhone Developer";
				DEVELOPMENT_TEAM = 4ZM36VH4SJ;
				FRAMEWORK_SEARCH_PATHS = (
					"$(inherited)",
					"$(PROJECT_DIR)/Crashlytics",
				);
				GCC_PRECOMPILE_PREFIX_HEADER = YES;
				GCC_PREFIX_HEADER = "tritonplayer-sample-app/tritonplayer-sample-app-Prefix.pch";
				INFOPLIST_FILE = "tritonplayer-sample-app/tritonplayer-sample-app-Info.plist";
				IPHONEOS_DEPLOYMENT_TARGET = 9.0;
				LD_RUNPATH_SEARCH_PATHS = "$(inherited) @executable_path/Frameworks";
				LIBRARY_SEARCH_PATHS = "$(inherited)";
				OTHER_LDFLAGS = "";
				PRODUCT_BUNDLE_IDENTIFIER = "com.tritondigital.${PRODUCT_NAME:rfc1034identifier}";
				PRODUCT_NAME = "$(TARGET_NAME)";
				PROVISIONING_PROFILE = "";
				PROVISIONING_PROFILE_SPECIFIER = "";
				TARGETED_DEVICE_FAMILY = "1,2";
				WRAPPER_EXTENSION = app;
			};
			name = Debug;
		};
		6F8A70C118CE51C80061CFF5 /* Release */ = {
			isa = XCBuildConfiguration;
			buildSettings = {
				ASSETCATALOG_COMPILER_APPICON_NAME = AppIcon;
				ASSETCATALOG_COMPILER_LAUNCHIMAGE_NAME = LaunchImage;
				CLANG_ENABLE_OBJC_ARC = YES;
				CODE_SIGN_IDENTITY = "iPhone Distribution: Triton Digital Canada Inc. (4ZM36VH4SJ)";
				"CODE_SIGN_IDENTITY[sdk=iphoneos*]" = "iPhone Developer";
				DEVELOPMENT_TEAM = 4ZM36VH4SJ;
				FRAMEWORK_SEARCH_PATHS = (
					"$(inherited)",
					"$(PROJECT_DIR)/Crashlytics",
				);
				GCC_PRECOMPILE_PREFIX_HEADER = YES;
				GCC_PREFIX_HEADER = "tritonplayer-sample-app/tritonplayer-sample-app-Prefix.pch";
				INFOPLIST_FILE = "tritonplayer-sample-app/tritonplayer-sample-app-Info.plist";
				IPHONEOS_DEPLOYMENT_TARGET = 9.0;
				LD_RUNPATH_SEARCH_PATHS = "$(inherited) @executable_path/Frameworks";
				LIBRARY_SEARCH_PATHS = "$(inherited)";
				OTHER_LDFLAGS = "";
				PRODUCT_BUNDLE_IDENTIFIER = "com.tritondigital.${PRODUCT_NAME:rfc1034identifier}";
				PRODUCT_NAME = "$(TARGET_NAME)";
				PROVISIONING_PROFILE = "";
				PROVISIONING_PROFILE_SPECIFIER = "";
				TARGETED_DEVICE_FAMILY = "1,2";
				WRAPPER_EXTENSION = app;
			};
			name = Release;
		};
/* End XCBuildConfiguration section */

/* Begin XCConfigurationList section */
		6F8A708818CE51C80061CFF5 /* Build configuration list for PBXProject "tritonplayer-sample-app-dev" */ = {
			isa = XCConfigurationList;
			buildConfigurations = (
				6F8A70BD18CE51C80061CFF5 /* Debug */,
				6F8A70BE18CE51C80061CFF5 /* Release */,
			);
			defaultConfigurationIsVisible = 0;
			defaultConfigurationName = Release;
		};
		6F8A70BF18CE51C80061CFF5 /* Build configuration list for PBXNativeTarget "tritonplayer-sample-app" */ = {
			isa = XCConfigurationList;
			buildConfigurations = (
				6F8A70C018CE51C80061CFF5 /* Debug */,
				6F8A70C118CE51C80061CFF5 /* Release */,
			);
			defaultConfigurationIsVisible = 0;
			defaultConfigurationName = Release;
		};
/* End XCConfigurationList section */
	};
	rootObject = 6F8A708518CE51C80061CFF5 /* Project object */;
}
